<?xml version="1.0" encoding="utf-8"?>
<Project ToolsVersion="4.0" xmlns="http://schemas.microsoft.com/developer/msbuild/2003">
  <ItemGroup>
    <Filter Include="Resources">
      <UniqueIdentifier>{67DA6AB6-F800-4c08-8B7A-83BB121AAD01}</UniqueIdentifier>
      <Extensions>rc;ico;cur;bmp;dlg;rc2;rct;bin;rgs;gif;jpg;jpeg;jpe;resx;tiff;tif;png;wav;mfcribbon-ms</Extensions>
    </Filter>
    <Filter Include="imgui">
      <UniqueIdentifier>{5d2ed881-4062-49d0-a1ce-86240074d016}</UniqueIdentifier>
    </Filter>
    <Filter Include="Shaders">
      <UniqueIdentifier>{9a1d2f8c-a0b1-45e2-b9de-aa0f9741d624}</UniqueIdentifier>
    </Filter>
    <Filter Include="Source">
      <UniqueIdentifier>{18aa0d0f-98dc-497a-a53d-60189ec1d6e6}</UniqueIdentifier>
    </Filter>
    <Filter Include="Source\Graphics">
      <UniqueIdentifier>{f67090ca-959a-4bf8-9062-bdcbfde48c41}</UniqueIdentifier>
    </Filter>
    <Filter Include="Source\Common">
      <UniqueIdentifier>{526c6c43-af3c-4e14-90a7-7a3c001935cb}</UniqueIdentifier>
    </Filter>
    <Filter Include="Shaders\blur">
      <UniqueIdentifier>{08e433fc-81b0-4a0f-9e5b-00f933569b75}</UniqueIdentifier>
    </Filter>
    <Filter Include="Shaders\fullscreen_qiad">
      <UniqueIdentifier>{050315a0-0e6a-464a-90e1-b542d764e900}</UniqueIdentifier>
    </Filter>
    <Filter Include="Shaders\geometric_primitive">
      <UniqueIdentifier>{8bd84b85-cb49-429b-a099-8d48a9f574ec}</UniqueIdentifier>
    </Filter>
    <Filter Include="Shaders\luminance_extraction">
      <UniqueIdentifier>{ffd65c05-0b0b-48a1-b65b-7801dcd5e68b}</UniqueIdentifier>
    </Filter>
    <Filter Include="Shaders\skinned_mesh">
      <UniqueIdentifier>{1333026d-d380-48d6-826c-0cf1a05d97b7}</UniqueIdentifier>
    </Filter>
    <Filter Include="Shaders\sprite">
      <UniqueIdentifier>{a99ae8ec-ff27-480e-8d0a-00facba68c10}</UniqueIdentifier>
    </Filter>
    <Filter Include="Shaders\static_mesh">
      <UniqueIdentifier>{bb7a2708-8768-4056-a538-ccf6926b000b}</UniqueIdentifier>
    </Filter>
    <Filter Include="Source\ObjectRender">
      <UniqueIdentifier>{012fe70d-7b34-462a-bcfd-b354527e0a9f}</UniqueIdentifier>
    </Filter>
    <Filter Include="Source\Graphics\DirectXDivice">
      <UniqueIdentifier>{42ac1c21-0304-42cb-87c1-ae2de61d962b}</UniqueIdentifier>
    </Filter>
    <Filter Include="Source\Graphics\FrameBuffer">
      <UniqueIdentifier>{f53cb431-a922-480b-806a-de49ec44c474}</UniqueIdentifier>
    </Filter>
    <Filter Include="Source\Graphics\FullscreenQuad">
      <UniqueIdentifier>{956ef2c1-8c74-4bb5-a001-0fb16428ae27}</UniqueIdentifier>
    </Filter>
    <Filter Include="Source\Graphics\PipelineStates">
      <UniqueIdentifier>{33b83963-513b-41cf-9e97-ab9670987a2a}</UniqueIdentifier>
    </Filter>
    <Filter Include="Source\Graphics\PostProcessConstantBuffers">
      <UniqueIdentifier>{773fd80b-f3b6-43b3-b2c3-584974185d31}</UniqueIdentifier>
    </Filter>
    <Filter Include="Source\Graphics\SceneConstantBuffer">
      <UniqueIdentifier>{5915b83b-281d-42b5-ab6e-a6891f26b47d}</UniqueIdentifier>
    </Filter>
    <Filter Include="Source\Graphics\Shader">
      <UniqueIdentifier>{eafa76a5-30c4-4df1-8921-299442ba031e}</UniqueIdentifier>
    </Filter>
    <Filter Include="Source\ObjectRender\AssetManager">
      <UniqueIdentifier>{b619075d-3927-4b4a-98f4-6cecafe1b8ef}</UniqueIdentifier>
    </Filter>
    <Filter Include="Source\ObjectRender\GeometricPrimitive">
      <UniqueIdentifier>{39479b18-2d48-4b49-a73f-bb8e97382f25}</UniqueIdentifier>
    </Filter>
    <Filter Include="Source\ObjectRender\SkinnedMesh">
      <UniqueIdentifier>{22a17abc-366f-45db-8379-1bf3eaf612a8}</UniqueIdentifier>
    </Filter>
    <Filter Include="Source\ObjectRender\Sprite">
      <UniqueIdentifier>{e3397693-60a3-4352-a295-df00f5b0df08}</UniqueIdentifier>
    </Filter>
    <Filter Include="Source\ObjectRender\SpriteBatch">
      <UniqueIdentifier>{de396ab0-f763-408d-8209-24074b8db1b9}</UniqueIdentifier>
    </Filter>
    <Filter Include="Source\ObjectRender\StaticMesh">
      <UniqueIdentifier>{a8a024c4-47bd-4d1d-8426-73f71e29afc3}</UniqueIdentifier>
    </Filter>
    <Filter Include="Source\ObjectRender\Texture">
      <UniqueIdentifier>{cb22bcc2-bff3-45f9-b8c3-9ea3eff64f0b}</UniqueIdentifier>
    </Filter>
    <Filter Include="Source\Graphics\Framework">
      <UniqueIdentifier>{8dfb05e0-54a8-45c4-ad62-b53268d3b51f}</UniqueIdentifier>
    </Filter>
    <Filter Include="Source\ObjectRender\Model">
      <UniqueIdentifier>{1563c0d9-8878-4481-bd39-2d9641d69e3b}</UniqueIdentifier>
    </Filter>
    <Filter Include="Source\ObjectRender\ModelRenderer">
      <UniqueIdentifier>{446d5407-dc6c-44df-8a63-d62a32914675}</UniqueIdentifier>
    </Filter>
    <Filter Include="Source\Scene">
      <UniqueIdentifier>{eeba2563-d716-45cb-b8b8-6ea187fa0afc}</UniqueIdentifier>
    </Filter>
    <Filter Include="Source\Serializer">
      <UniqueIdentifier>{65cdd1d2-62fe-45b6-94fb-165d67cccc30}</UniqueIdentifier>
    </Filter>
    <Filter Include="Source\ObjectRender\FbxModel">
      <UniqueIdentifier>{492d0e90-1c5d-4e0e-ab16-dd3f6ddd86a5}</UniqueIdentifier>
    </Filter>
    <Filter Include="Source\ObjectRender\FbxModel\FbxAnimation">
      <UniqueIdentifier>{62d950db-5ac0-463f-8e08-b54bbe242f64}</UniqueIdentifier>
    </Filter>
    <Filter Include="Source\ObjectRender\FbxModel\FbxBone">
      <UniqueIdentifier>{50613803-caf7-4a72-a0be-c6d91dd08a40}</UniqueIdentifier>
    </Filter>
    <Filter Include="Source\ObjectRender\FbxModel\FbxLoader">
      <UniqueIdentifier>{fbe65991-3d7e-4bff-9901-e7169bfd4ad5}</UniqueIdentifier>
    </Filter>
    <Filter Include="Source\ObjectRender\FbxModel\FbxMaterial">
      <UniqueIdentifier>{6a89ca5a-2f9a-4b05-9d3e-a53992d217d1}</UniqueIdentifier>
    </Filter>
    <Filter Include="Source\ObjectRender\FbxModel\FbxSkinnedMesh">
      <UniqueIdentifier>{9d32767d-b0a8-4581-bfa1-936612a593ef}</UniqueIdentifier>
    </Filter>
    <Filter Include="Source\ObjectRender\FbxModel\SkinnedMeshComponents">
      <UniqueIdentifier>{70cb8607-fd6d-4507-95da-332c06c9f6ee}</UniqueIdentifier>
    </Filter>
    <Filter Include="Source\ObjectRender\FbxModel\FbxResource">
      <UniqueIdentifier>{f178e398-7994-48a2-9d33-2a4bfc566ebf}</UniqueIdentifier>
    </Filter>
    <Filter Include="Source\ObjectRender\FbxModel\FbxSkinnedModel">
      <UniqueIdentifier>{cd223bbf-8258-4143-8796-765924e2d2b6}</UniqueIdentifier>
    </Filter>
    <Filter Include="Source\ObjectRender\GltfModel">
      <UniqueIdentifier>{afc37076-22ce-4558-8131-a38e2f5653b6}</UniqueIdentifier>
    </Filter>
    <Filter Include="Shaders\gltf_model">
      <UniqueIdentifier>{61fcf465-3a9b-4632-86ec-1354de3c8eee}</UniqueIdentifier>
    </Filter>
    <Filter Include="Source\ObjectRender\GltfModel\GltfModelData">
      <UniqueIdentifier>{1a1a3e82-a5ae-4915-bdb8-c2e48df203d1}</UniqueIdentifier>
    </Filter>
    <Filter Include="Source\ObjectRender\GltfModel\GltfModelAnimation">
      <UniqueIdentifier>{8a3f9165-2a96-4b03-aa9d-ae5d6c61177e}</UniqueIdentifier>
    </Filter>
    <Filter Include="Source\ObjectRender\GltfModel\GltfModelRenderer">
      <UniqueIdentifier>{fe487eff-2e16-46a3-ad96-d8cf513fddaf}</UniqueIdentifier>
    </Filter>
  </ItemGroup>
  <ItemGroup>
    <ClCompile Include="Source\Common\main.cpp">
      <Filter>Source\Common</Filter>
    </ClCompile>
    <ClCompile Include="Source\Graphics\framebuffer.cpp">
      <Filter>Source\Graphics\FrameBuffer</Filter>
    </ClCompile>
    <ClCompile Include="Source\Graphics\fullscreen_quad.cpp">
      <Filter>Source\Graphics\FullscreenQuad</Filter>
    </ClCompile>
    <ClCompile Include="Source\Graphics\PipelineStates.cpp">
      <Filter>Source\Graphics\PipelineStates</Filter>
    </ClCompile>
    <ClCompile Include="Source\Graphics\PostProcessConstantBuffers.cpp">
      <Filter>Source\Graphics\PostProcessConstantBuffers</Filter>
    </ClCompile>
    <ClCompile Include="Source\Graphics\SceneConstantBuffers.cpp">
      <Filter>Source\Graphics\SceneConstantBuffer</Filter>
    </ClCompile>
    <ClCompile Include="Source\Graphics\shader.cpp">
      <Filter>Source\Graphics\Shader</Filter>
    </ClCompile>
    <ClCompile Include="Source\ObjectsRender\AssetManager.cpp">
      <Filter>Source\ObjectRender\AssetManager</Filter>
    </ClCompile>
    <ClCompile Include="Source\ObjectsRender\geometric_primitive.cpp">
      <Filter>Source\ObjectRender\GeometricPrimitive</Filter>
    </ClCompile>
    <ClCompile Include="Source\ObjectsRender\skinned_mesh.cpp">
      <Filter>Source\ObjectRender\SkinnedMesh</Filter>
    </ClCompile>
    <ClCompile Include="Source\ObjectsRender\sprite.cpp">
      <Filter>Source\ObjectRender\Sprite</Filter>
    </ClCompile>
    <ClCompile Include="Source\ObjectsRender\sprite_batch.cpp">
      <Filter>Source\ObjectRender\SpriteBatch</Filter>
    </ClCompile>
    <ClCompile Include="Source\ObjectsRender\static_mesh.cpp">
      <Filter>Source\ObjectRender\StaticMesh</Filter>
    </ClCompile>
    <ClCompile Include="Source\ObjectsRender\texture.cpp">
      <Filter>Source\ObjectRender\Texture</Filter>
    </ClCompile>
    <ClCompile Include="Source\ObjectsRender\Model.cpp">
      <Filter>Source\ObjectRender\Model</Filter>
    </ClCompile>
    <ClCompile Include="Source\ObjectsRender\ModelRenderer.cpp">
      <Filter>Source\ObjectRender\ModelRenderer</Filter>
    </ClCompile>
    <ClCompile Include="Source\Graphics\framework.cpp">
      <Filter>Source\Graphics\Framework</Filter>
    </ClCompile>
    <ClCompile Include="Source\Graphics\DirectXDevice.cpp">
      <Filter>Source\Graphics\DirectXDivice</Filter>
    </ClCompile>
    <ClCompile Include="Source\Graphics\Graphics.cpp">
      <Filter>Source\Graphics</Filter>
    </ClCompile>
    <ClCompile Include="Source\Scene\MainScene.cpp">
      <Filter>Source\Scene</Filter>
    </ClCompile>
    <ClCompile Include="Source\ObjectsRender\SkinnedMeshComponents.cpp">
      <Filter>Source\ObjectRender\FbxModel\SkinnedMeshComponents</Filter>
    </ClCompile>
    <ClCompile Include="Source\Serialization\SkinnedMeshSerializer.cpp">
      <Filter>Source\Serializer</Filter>
    </ClCompile>
    <ClCompile Include="Source\FbxModel\FbxBone.cpp">
      <Filter>Source\ObjectRender\FbxModel\FbxBone</Filter>
    </ClCompile>
    <ClCompile Include="Source\FbxModel\FbxAnimation.cpp">
      <Filter>Source\ObjectRender\FbxModel\FbxAnimation</Filter>
    </ClCompile>
    <ClCompile Include="Source\FbxModel\FbxLoader.cpp">
      <Filter>Source\ObjectRender\FbxModel\FbxLoader</Filter>
    </ClCompile>
    <ClCompile Include="Source\FbxModel\FbxSkinnedMesh.cpp">
      <Filter>Source\ObjectRender\FbxModel\FbxSkinnedMesh</Filter>
    </ClCompile>
    <ClCompile Include="Source\FbxModel\FbxMaterial.cpp">
      <Filter>Source\ObjectRender\FbxModel\FbxMaterial</Filter>
    </ClCompile>
    <ClCompile Include="Source\FbxModel\FbxSkinnedResource.cpp">
      <Filter>Source\ObjectRender\FbxModel\FbxResource</Filter>
    </ClCompile>
    <ClCompile Include="Source\FbxModel\FbxSkinnedModel.cpp">
      <Filter>Source\ObjectRender\FbxModel\FbxSkinnedModel</Filter>
    </ClCompile>
    <ClCompile Include="External\imgui\imgui.cpp">
      <Filter>imgui</Filter>
    </ClCompile>
    <ClCompile Include="External\imgui\imgui_draw.cpp">
      <Filter>imgui</Filter>
    </ClCompile>
    <ClCompile Include="External\imgui\imgui_impl_dx11.cpp">
      <Filter>imgui</Filter>
    </ClCompile>
    <ClCompile Include="External\imgui\imgui_impl_win32.cpp">
      <Filter>imgui</Filter>
    </ClCompile>
    <ClCompile Include="External\imgui\imgui_ja_gryph_ranges.cpp">
      <Filter>imgui</Filter>
    </ClCompile>
    <ClCompile Include="External\imgui\imgui_widgets.cpp">
      <Filter>imgui</Filter>
    </ClCompile>
    <ClCompile Include="Source\GltfModel\GltfModel.cpp">
      <Filter>Source\ObjectRender\GltfModel</Filter>
    </ClCompile>
    <ClCompile Include="Source\GltfModel\GltfModelData.cpp">
      <Filter>Source\ObjectRender\GltfModel\GltfModelData</Filter>
    </ClCompile>
    <ClCompile Include="Source\GltfModel\GltfModelAnimation.cpp">
      <Filter>Source\ObjectRender\GltfModel\GltfModelAnimation</Filter>
    </ClCompile>
    <ClCompile Include="Source\GltfModel\TinygltfImpl.cpp">
      <Filter>Source\ObjectRender\GltfModel</Filter>
    </ClCompile>
    <ClCompile Include="Source\GltfModel\GltfModelRenderer.cpp">
      <Filter>Source\ObjectRender\GltfModel\GltfModelRenderer</Filter>
    </ClCompile>
  </ItemGroup>
  <ItemGroup>
    <ClInclude Include="Source\Common\high_resolution_timer.h">
      <Filter>Source\Common</Filter>
    </ClInclude>
    <ClInclude Include="Source\Common\misc.h">
      <Filter>Source\Common</Filter>
    </ClInclude>
    <ClInclude Include="Source\Graphics\framebuffer.h">
      <Filter>Source\Graphics\FrameBuffer</Filter>
    </ClInclude>
    <ClInclude Include="Source\Graphics\fullscreen_quad.h">
      <Filter>Source\Graphics\FullscreenQuad</Filter>
    </ClInclude>
    <ClInclude Include="Source\Graphics\PipelineStates.h">
      <Filter>Source\Graphics\PipelineStates</Filter>
    </ClInclude>
    <ClInclude Include="Source\Graphics\PostProcessConstantBuffers.h">
      <Filter>Source\Graphics\PostProcessConstantBuffers</Filter>
    </ClInclude>
    <ClInclude Include="Source\Graphics\SceneConstantBuffers.h">
      <Filter>Source\Graphics\SceneConstantBuffer</Filter>
    </ClInclude>
    <ClInclude Include="Source\Graphics\shader.h">
      <Filter>Source\Graphics\Shader</Filter>
    </ClInclude>
    <ClInclude Include="Source\ObjectsRender\AssetManager.h">
      <Filter>Source\ObjectRender\AssetManager</Filter>
    </ClInclude>
    <ClInclude Include="Source\ObjectsRender\geometric_primitive.h">
      <Filter>Source\ObjectRender\GeometricPrimitive</Filter>
    </ClInclude>
    <ClInclude Include="Source\ObjectsRender\skinned_mesh.h">
      <Filter>Source\ObjectRender\SkinnedMesh</Filter>
    </ClInclude>
    <ClInclude Include="Source\ObjectsRender\sprite.h">
      <Filter>Source\ObjectRender\Sprite</Filter>
    </ClInclude>
    <ClInclude Include="Source\ObjectsRender\sprite_batch.h">
      <Filter>Source\ObjectRender\SpriteBatch</Filter>
    </ClInclude>
    <ClInclude Include="Source\ObjectsRender\static_mesh.h">
      <Filter>Source\ObjectRender\StaticMesh</Filter>
    </ClInclude>
    <ClInclude Include="Source\ObjectsRender\texture.h">
      <Filter>Source\ObjectRender\Texture</Filter>
    </ClInclude>
    <ClInclude Include="Source\ObjectsRender\Model.h">
      <Filter>Source\ObjectRender\Model</Filter>
    </ClInclude>
    <ClInclude Include="Source\Graphics\fbx_utility.h">
      <Filter>Source\Graphics</Filter>
    </ClInclude>
    <ClInclude Include="Source\ObjectsRender\ModelRenderer.h">
      <Filter>Source\ObjectRender\ModelRenderer</Filter>
    </ClInclude>
    <ClInclude Include="Source\Graphics\framework.h">
      <Filter>Source\Graphics\Framework</Filter>
    </ClInclude>
    <ClInclude Include="Source\Graphics\DirectXDevice.h">
      <Filter>Source\Graphics\DirectXDivice</Filter>
    </ClInclude>
    <ClInclude Include="Source\Graphics\Graphics.h">
      <Filter>Source\Graphics</Filter>
    </ClInclude>
    <ClInclude Include="Source\Scene\Scene.h">
      <Filter>Source\Scene</Filter>
    </ClInclude>
    <ClInclude Include="Source\Scene\MainScene.h">
      <Filter>Source\Scene</Filter>
    </ClInclude>
    <ClInclude Include="Source\ObjectsRender\SkinnedMeshComponents.h">
      <Filter>Source\ObjectRender\FbxModel\SkinnedMeshComponents</Filter>
    </ClInclude>
    <ClInclude Include="Source\Serialization\SkinnedMeshSerializer.h">
      <Filter>Source\Serializer</Filter>
    </ClInclude>
    <ClInclude Include="Source\FbxModel\FbxBone.h">
      <Filter>Source\ObjectRender\FbxModel\FbxBone</Filter>
    </ClInclude>
    <ClInclude Include="Source\FbxModel\FbxAnimation.h">
      <Filter>Source\ObjectRender\FbxModel\FbxAnimation</Filter>
    </ClInclude>
    <ClInclude Include="Source\FbxModel\FbxLoader.h">
      <Filter>Source\ObjectRender\FbxModel\FbxLoader</Filter>
    </ClInclude>
    <ClInclude Include="Source\FbxModel\FbxSkinnedMesh.h">
      <Filter>Source\ObjectRender\FbxModel\FbxSkinnedMesh</Filter>
    </ClInclude>
    <ClInclude Include="Source\FbxModel\FbxMaterial.h">
      <Filter>Source\ObjectRender\FbxModel\FbxMaterial</Filter>
    </ClInclude>
    <ClInclude Include="Source\Common\ModelData.h">
      <Filter>Source\Common</Filter>
    </ClInclude>
    <ClInclude Include="Source\FbxModel\FbxSkinnedResource.h">
      <Filter>Source\ObjectRender\FbxModel\FbxResource</Filter>
    </ClInclude>
    <ClInclude Include="Source\FbxModel\FbxSkinnedModel.h">
      <Filter>Source\ObjectRender\FbxModel\FbxSkinnedModel</Filter>
    </ClInclude>
    <ClInclude Include="External\imgui\imconfig.h">
      <Filter>imgui</Filter>
    </ClInclude>
    <ClInclude Include="External\imgui\imgui.h">
      <Filter>imgui</Filter>
    </ClInclude>
    <ClInclude Include="External\imgui\imgui_impl_dx11.h">
      <Filter>imgui</Filter>
    </ClInclude>
    <ClInclude Include="External\imgui\imgui_impl_win32.h">
      <Filter>imgui</Filter>
    </ClInclude>
    <ClInclude Include="External\imgui\imgui_internal.h">
      <Filter>imgui</Filter>
    </ClInclude>
    <ClInclude Include="External\imgui\imstb_rectpack.h">
      <Filter>imgui</Filter>
    </ClInclude>
    <ClInclude Include="External\imgui\imstb_textedit.h">
      <Filter>imgui</Filter>
    </ClInclude>
    <ClInclude Include="External\imgui\imstb_truetype.h">
      <Filter>imgui</Filter>
    </ClInclude>
    <ClInclude Include="Source\GltfModel\GltfModel.h">
      <Filter>Source\ObjectRender\GltfModel</Filter>
    </ClInclude>
    <ClInclude Include="Source\GltfModel\GltfModelData.h">
      <Filter>Source\ObjectRender\GltfModel\GltfModelData</Filter>
    </ClInclude>
    <ClInclude Include="Source\GltfModel\GltfModelAnimation.h">
      <Filter>Source\ObjectRender\GltfModel\GltfModelAnimation</Filter>
    </ClInclude>
    <ClInclude Include="Source\GltfModel\GltfModelRenderer.h">
      <Filter>Source\ObjectRender\GltfModel\GltfModelRenderer</Filter>
    </ClInclude>
  </ItemGroup>
  <ItemGroup>
    <None Include="Shaders\Compiled\blur_ps.cod">
      <Filter>Shaders\blur</Filter>
    </None>
    <None Include="Shaders\Compiled\blur_ps.cso">
      <Filter>Shaders\blur</Filter>
    </None>
    <None Include="Shaders\Compiled\fullscreen_quad_ps.cod">
      <Filter>Shaders\fullscreen_qiad</Filter>
    </None>
    <None Include="Shaders\Compiled\fullscreen_quad_ps.cso">
      <Filter>Shaders\fullscreen_qiad</Filter>
    </None>
    <None Include="Shaders\Compiled\fullscreen_quad_vs.cod">
      <Filter>Shaders\fullscreen_qiad</Filter>
    </None>
    <None Include="Shaders\Compiled\fullscreen_quad_vs.cso">
      <Filter>Shaders\fullscreen_qiad</Filter>
    </None>
    <None Include="Shaders\SoureCode\fullscreen_quad.hlsli">
      <Filter>Shaders\fullscreen_qiad</Filter>
    </None>
    <None Include="Shaders\SoureCode\geometric_primitive.hlsli">
      <Filter>Shaders\geometric_primitive</Filter>
    </None>
    <None Include="Shaders\Compiled\geometric_primitive_ps.cod">
      <Filter>Shaders\geometric_primitive</Filter>
    </None>
    <None Include="Shaders\Compiled\geometric_primitive_ps.cso">
      <Filter>Shaders\geometric_primitive</Filter>
    </None>
    <None Include="Shaders\Compiled\geometric_primitive_vs.cod">
      <Filter>Shaders\geometric_primitive</Filter>
    </None>
    <None Include="Shaders\Compiled\geometric_primitive_vs.cso">
      <Filter>Shaders\geometric_primitive</Filter>
    </None>
    <None Include="Shaders\Compiled\luminance_extraction_ps.cod">
      <Filter>Shaders\luminance_extraction</Filter>
    </None>
    <None Include="Shaders\Compiled\luminance_extraction_ps.cso">
      <Filter>Shaders\luminance_extraction</Filter>
    </None>
    <None Include="Shaders\SoureCode\skinned_mesh.hlsli">
      <Filter>Shaders\skinned_mesh</Filter>
    </None>
    <None Include="Shaders\Compiled\skinned_mesh_ps.cod">
      <Filter>Shaders\skinned_mesh</Filter>
    </None>
    <None Include="Shaders\Compiled\skinned_mesh_ps.cso">
      <Filter>Shaders\skinned_mesh</Filter>
    </None>
    <None Include="Shaders\Compiled\skinned_mesh_vs.cod">
      <Filter>Shaders\skinned_mesh</Filter>
    </None>
    <None Include="Shaders\Compiled\skinned_mesh_vs.cso">
      <Filter>Shaders\skinned_mesh</Filter>
    </None>
    <None Include="Shaders\SoureCode\sprite.hlsli">
      <Filter>Shaders\sprite</Filter>
    </None>
    <None Include="Shaders\Compiled\sprite_ps.cod">
      <Filter>Shaders\sprite</Filter>
    </None>
    <None Include="Shaders\Compiled\sprite_ps.cso">
      <Filter>Shaders\sprite</Filter>
    </None>
    <None Include="Shaders\Compiled\sprite_vs.cod">
      <Filter>Shaders\sprite</Filter>
    </None>
    <None Include="Shaders\Compiled\sprite_vs.cso">
      <Filter>Shaders\sprite</Filter>
    </None>
    <None Include="Shaders\SoureCode\static_mesh.hlsli">
      <Filter>Shaders\static_mesh</Filter>
    </None>
    <None Include="Shaders\Compiled\static_mesh_ps.cod">
      <Filter>Shaders\static_mesh</Filter>
    </None>
    <None Include="Shaders\Compiled\static_mesh_ps.cso">
      <Filter>Shaders\static_mesh</Filter>
    </None>
    <None Include="Shaders\Compiled\static_mesh_vs.cod">
      <Filter>Shaders\static_mesh</Filter>
    </None>
    <None Include="Shaders\Compiled\static_mesh_vs.cso">
      <Filter>Shaders\static_mesh</Filter>
    </None>
    <None Include="Shaders\SoureCode\gltf_model.hlsli">
      <Filter>Shaders\gltf_model</Filter>
    </None>
  </ItemGroup>
  <ItemGroup>
    <FxCompile Include="Shaders\SoureCode\blur_ps.hlsl">
      <Filter>Shaders\blur</Filter>
    </FxCompile>
    <FxCompile Include="Shaders\SoureCode\fullscreen_quad_ps.hlsl">
      <Filter>Shaders\fullscreen_qiad</Filter>
    </FxCompile>
    <FxCompile Include="Shaders\SoureCode\fullscreen_quad_vs.hlsl">
      <Filter>Shaders\fullscreen_qiad</Filter>
    </FxCompile>
    <FxCompile Include="Shaders\SoureCode\geometric_primitive_ps.hlsl">
      <Filter>Shaders\geometric_primitive</Filter>
    </FxCompile>
    <FxCompile Include="Shaders\SoureCode\geometric_primitive_vs.hlsl">
      <Filter>Shaders\geometric_primitive</Filter>
    </FxCompile>
    <FxCompile Include="Shaders\SoureCode\luminance_extraction_ps.hlsl">
      <Filter>Shaders\luminance_extraction</Filter>
    </FxCompile>
    <FxCompile Include="Shaders\SoureCode\skinned_mesh_ps.hlsl">
      <Filter>Shaders\skinned_mesh</Filter>
    </FxCompile>
    <FxCompile Include="Shaders\SoureCode\skinned_mesh_vs.hlsl">
      <Filter>Shaders\skinned_mesh</Filter>
    </FxCompile>
    <FxCompile Include="Shaders\SoureCode\sprite_ps.hlsl">
      <Filter>Shaders\sprite</Filter>
    </FxCompile>
    <FxCompile Include="Shaders\SoureCode\sprite_vs.hlsl">
      <Filter>Shaders\sprite</Filter>
    </FxCompile>
    <FxCompile Include="Shaders\SoureCode\static_mesh_ps.hlsl">
      <Filter>Shaders\static_mesh</Filter>
    </FxCompile>
    <FxCompile Include="Shaders\SoureCode\static_mesh_vs.hlsl">
      <Filter>Shaders\static_mesh</Filter>
    </FxCompile>
    <FxCompile Include="Shaders\SoureCode\gltf_model_vs.hlsl">
      <Filter>Shaders\gltf_model</Filter>
    </FxCompile>
    <FxCompile Include="Shaders\SoureCode\gltf_model_ps.hlsl">
      <Filter>Shaders\gltf_model</Filter>
    </FxCompile>
  </ItemGroup>
</Project>