
Microsoft Visual Studio Solution File, Format Version 12.00
# Visual Studio Version 17
VisualStudioVersion = 17.9.34723.18
MinimumVisualStudioVersion = 10.0.40219.1
Project("{8BC9CEB8-8B4A-11D0-8D11-00A0C91BC942}") = "OriginalLibrary", "3dgp.vcxproj", "{0DDBE550-8551-4506-9A5A-4DD100C00C48}"
	ProjectSection(ProjectDependencies) = postProject
		{E0B52AE7-E160-4D32-BF3F-910B785E5A8E} = {E0B52AE7-E160-4D32-BF3F-910B785E5A8E}
	EndProjectSection
EndProject
Project("{8BC9CEB8-8B4A-11D0-8D11-00A0C91BC942}") = "DirectXTK_Desktop_2019", "DirectXTK-main\DirectXTK-main\DirectXTK_Desktop_2019.vcxproj", "{E0B52AE7-E160-4D32-BF3F-910B785E5A8E}"
EndProject
Project("{911E67C6-3D85-4FCE-B560-20A9C3E3FF48}") = "OriginalLibrary", "x64\Debug\OriginalLibrary.exe", "{3D18D353-C6A8-75C5-D836-86B5954532A1}"
	ProjectSection(DebuggerProjectSystem) = preProject
		PortSupplier = 00000000-0000-0000-0000-000000000000
		Executable = C:\Users\2240068\Desktop\Glt_Original_Library\x64\Debug\OriginalLibrary.exe
		RemoteMachine = 2240068S
		StartingDirectory = C:\Users\2240068\Desktop\Glt_Original_Library\x64\Debug
		Environment = 既定
		LaunchingEngine = 00000000-0000-0000-0000-000000000000
		UseLegacyDebugEngines = No
		LaunchSQLEngine = No
		AttachLaunchAction = No
		IORedirection = Auto
	EndProjectSection
EndProject
Project("{8BC9CEB8-8B4A-11D0-8D11-00A0C91BC942}") = "DirectXTex", "External\DirectXTex\DirectXTex_Desktop_2022.vcxproj", "{371B9FA9-4C90-4AC6-A123-ACED756D6C77}"
EndProject
Global
	GlobalSection(SolutionConfigurationPlatforms) = preSolution
		Debug|x64 = Debug|x64
		Debug|x86 = Debug|x86
		Release|x64 = Release|x64
		Release|x86 = Release|x86
	EndGlobalSection
	GlobalSection(ProjectConfigurationPlatforms) = postSolution
		{0DDBE550-8551-4506-9A5A-4DD100C00C48}.Debug|x64.ActiveCfg = Debug|x64
		{0DDBE550-8551-4506-9A5A-4DD100C00C48}.Debug|x64.Build.0 = Debug|x64
		{0DDBE550-8551-4506-9A5A-4DD100C00C48}.Debug|x86.ActiveCfg = Debug|Win32
		{0DDBE550-8551-4506-9A5A-4DD100C00C48}.Debug|x86.Build.0 = Debug|Win32
		{0DDBE550-8551-4506-9A5A-4DD100C00C48}.Release|x64.ActiveCfg = Release|x64
		{0DDBE550-8551-4506-9A5A-4DD100C00C48}.Release|x64.Build.0 = Release|x64
		{0DDBE550-8551-4506-9A5A-4DD100C00C48}.Release|x86.ActiveCfg = Release|Win32
		{0DDBE550-8551-4506-9A5A-4DD100C00C48}.Release|x86.Build.0 = Release|Win32
		{E0B52AE7-E160-4D32-BF3F-910B785E5A8E}.Debug|x64.ActiveCfg = Debug|x64
		{E0B52AE7-E160-4D32-BF3F-910B785E5A8E}.Debug|x64.Build.0 = Debug|x64
		{E0B52AE7-E160-4D32-BF3F-910B785E5A8E}.Debug|x86.ActiveCfg = Debug|Win32
		{E0B52AE7-E160-4D32-BF3F-910B785E5A8E}.Debug|x86.Build.0 = Debug|Win32
		{E0B52AE7-E160-4D32-BF3F-910B785E5A8E}.Release|x64.ActiveCfg = Release|x64
		{E0B52AE7-E160-4D32-BF3F-910B785E5A8E}.Release|x64.Build.0 = Release|x64
		{E0B52AE7-E160-4D32-BF3F-910B785E5A8E}.Release|x86.ActiveCfg = Release|Win32
		{E0B52AE7-E160-4D32-BF3F-910B785E5A8E}.Release|x86.Build.0 = Release|Win32
		{3D18D353-C6A8-75C5-D836-86B5954532A1}.Debug|x64.ActiveCfg = Release|x64
		{3D18D353-C6A8-75C5-D836-86B5954532A1}.Debug|x86.ActiveCfg = Release|x64
		{3D18D353-C6A8-75C5-D836-86B5954532A1}.Release|x64.ActiveCfg = Release|x64
		{3D18D353-C6A8-75C5-D836-86B5954532A1}.Release|x86.ActiveCfg = Release|x64
		{371B9FA9-4C90-4AC6-A123-ACED756D6C77}.Debug|x64.ActiveCfg = Debug|x64
		{371B9FA9-4C90-4AC6-A123-ACED756D6C77}.Debug|x64.Build.0 = Debug|x64
		{371B9FA9-4C90-4AC6-A123-ACED756D6C77}.Debug|x86.ActiveCfg = Debug|Win32
		{371B9FA9-4C90-4AC6-A123-ACED756D6C77}.Debug|x86.Build.0 = Debug|Win32
		{371B9FA9-4C90-4AC6-A123-ACED756D6C77}.Release|x64.ActiveCfg = Release|x64
		{371B9FA9-4C90-4AC6-A123-ACED756D6C77}.Release|x64.Build.0 = Release|x64
		{371B9FA9-4C90-4AC6-A123-ACED756D6C77}.Release|x86.ActiveCfg = Release|Win32
		{371B9FA9-4C90-4AC6-A123-ACED756D6C77}.Release|x86.Build.0 = Release|Win32
	EndGlobalSection
	GlobalSection(SolutionProperties) = preSolution
		HideSolutionNode = FALSE
	EndGlobalSection
	GlobalSection(ExtensibilityGlobals) = postSolution
		SolutionGuid = {3FF5394E-D929-45E9-B582-FE460A3D7D21}
	EndGlobalSection
EndGlobal
