<?xml version="1.0" encoding="utf-8"?>
<Project ToolsVersion="4.0" xmlns="http://schemas.microsoft.com/developer/msbuild/2003">
  <ItemGroup>
    <FxCompile Include="Shaders\SoureCode\blur_ps.hlsl">
      <Filter>Shaders\SoureCode</Filter>
    </FxCompile>
    <FxCompile Include="Shaders\SoureCode\fullscreen_quad_ps.hlsl">
      <Filter>Shaders\SoureCode</Filter>
    </FxCompile>
    <FxCompile Include="Shaders\SoureCode\fullscreen_quad_vs.hlsl">
      <Filter>Shaders\SoureCode</Filter>
    </FxCompile>
    <FxCompile Include="Shaders\SoureCode\geometric_primitive_ps.hlsl">
      <Filter>Shaders\SoureCode</Filter>
    </FxCompile>
    <FxCompile Include="Shaders\SoureCode\geometric_primitive_vs.hlsl">
      <Filter>Shaders\SoureCode</Filter>
    </FxCompile>
    <FxCompile Include="Shaders\SoureCode\gltf_model_ps.hlsl">
      <Filter>Shaders\SoureCode</Filter>
    </FxCompile>
    <FxCompile Include="Shaders\SoureCode\gltf_model_vs.hlsl">
      <Filter>Shaders\SoureCode</Filter>
    </FxCompile>
    <FxCompile Include="Shaders\SoureCode\luminance_extraction_ps.hlsl">
      <Filter>Shaders\SoureCode</Filter>
    </FxCompile>
    <FxCompile Include="Shaders\SoureCode\shape_renderer_ps.hlsl">
      <Filter>Shaders\SoureCode</Filter>
    </FxCompile>
    <FxCompile Include="Shaders\SoureCode\shape_renderer_vs.hlsl">
      <Filter>Shaders\SoureCode</Filter>
    </FxCompile>
    <FxCompile Include="Shaders\SoureCode\skinned_mesh_ps.hlsl">
      <Filter>Shaders\SoureCode</Filter>
    </FxCompile>
    <FxCompile Include="Shaders\SoureCode\skinned_mesh_vs.hlsl">
      <Filter>Shaders\SoureCode</Filter>
    </FxCompile>
    <FxCompile Include="Shaders\SoureCode\sky_box_ps.hlsl">
      <Filter>Shaders\SoureCode</Filter>
    </FxCompile>
    <FxCompile Include="Shaders\SoureCode\sky_box_vs.hlsl">
      <Filter>Shaders\SoureCode</Filter>
    </FxCompile>
    <FxCompile Include="Shaders\SoureCode\sprite_ps.hlsl">
      <Filter>Shaders\SoureCode</Filter>
    </FxCompile>
    <FxCompile Include="Shaders\SoureCode\sprite_vs.hlsl">
      <Filter>Shaders\SoureCode</Filter>
    </FxCompile>
    <FxCompile Include="Shaders\SoureCode\static_mesh_ps.hlsl">
      <Filter>Shaders\SoureCode</Filter>
    </FxCompile>
    <FxCompile Include="Shaders\SoureCode\static_mesh_vs.hlsl">
      <Filter>Shaders\SoureCode</Filter>
    </FxCompile>
  </ItemGroup>
  <ItemGroup>
    <ClCompile Include="External\imgui-docking\imgui-docking\imgui.cpp">
      <Filter>External\imgui-docking\imgui-docking</Filter>
    </ClCompile>
    <ClCompile Include="External\imgui-docking\imgui-docking\imgui_demo.cpp">
      <Filter>External\imgui-docking\imgui-docking</Filter>
    </ClCompile>
    <ClCompile Include="External\imgui-docking\imgui-docking\imgui_draw.cpp">
      <Filter>External\imgui-docking\imgui-docking</Filter>
    </ClCompile>
    <ClCompile Include="External\imgui-docking\imgui-docking\imgui_tables.cpp">
      <Filter>External\imgui-docking\imgui-docking</Filter>
    </ClCompile>
    <ClCompile Include="External\imgui-docking\imgui-docking\imgui_widgets.cpp">
      <Filter>External\imgui-docking\imgui-docking</Filter>
    </ClCompile>
    <ClCompile Include="External\imgui-docking\imgui-docking\backends\imgui_impl_dx11.cpp">
      <Filter>External\imgui-docking\imgui-docking\backends</Filter>
    </ClCompile>
    <ClCompile Include="External\imgui-docking\imgui-docking\backends\imgui_impl_win32.cpp">
      <Filter>External\imgui-docking\imgui-docking\backends</Filter>
    </ClCompile>
    <ClCompile Include="External\imgui-node-editor-master\imgui-node-editor-master\crude_json.cpp">
      <Filter>External\imgui-node-editor-master\imgui-node-editor-master</Filter>
    </ClCompile>
    <ClCompile Include="External\imgui-node-editor-master\imgui-node-editor-master\imgui_canvas.cpp">
      <Filter>External\imgui-node-editor-master\imgui-node-editor-master</Filter>
    </ClCompile>
    <ClCompile Include="External\imgui-node-editor-master\imgui-node-editor-master\imgui_node_editor.cpp">
      <Filter>External\imgui-node-editor-master\imgui-node-editor-master</Filter>
    </ClCompile>
    <ClCompile Include="External\imgui-node-editor-master\imgui-node-editor-master\imgui_node_editor_api.cpp">
      <Filter>External\imgui-node-editor-master\imgui-node-editor-master</Filter>
    </ClCompile>
    <ClCompile Include="External\ImGuizmo-master\ImGuizmo-master\src\ImGuizmo.cpp">
      <Filter>External\ImGuizmo-master\ImGuizmo-master\src</Filter>
    </ClCompile>
    <ClCompile Include="Source\Engine\Graphics\Shaders\BlurShader.cpp">
      <Filter>Source\Engine\Graphics\Shaders</Filter>
    </ClCompile>
    <ClCompile Include="Source\Engine\Graphics\Shaders\CustomShader.cpp">
      <Filter>Source\Engine\Graphics\Shaders</Filter>
    </ClCompile>
    <ClCompile Include="Source\Engine\Graphics\Shaders\LuminanceExtractionShader.cpp">
      <Filter>Source\Engine\Graphics\Shaders</Filter>
    </ClCompile>
    <ClCompile Include="Source\Engine\Graphics\Shaders\SkyBox.cpp">
      <Filter>Source\Engine\Graphics\Shaders</Filter>
    </ClCompile>
    <ClCompile Include="Source\Gameplay\Scene\Scene.cpp">
      <Filter>Source\Gameplay\Scene</Filter>
    </ClCompile>
    <ClCompile Include="Source\Gameplay\Scene\SceneGame.cpp">
      <Filter>Source\Gameplay\Scene</Filter>
    </ClCompile>
    <ClCompile Include="Source\Gameplay\Scene\SceneManager.cpp">
      <Filter>Source\Gameplay\Scene</Filter>
    </ClCompile>
    <ClCompile Include="Source\Gameplay\Scene\SceneTitle.cpp">
      <Filter>Source\Gameplay\Scene</Filter>
    </ClCompile>
    <ClCompile Include="Source\Gameplay\AI\BehaviorNode.cpp">
      <Filter>Source\Gameplay\AI</Filter>
    </ClCompile>
    <ClCompile Include="Source\Gameplay\AI\BehaviorTree.cpp">
      <Filter>Source\Gameplay\AI</Filter>
    </ClCompile>
    <ClCompile Include="Source\Gameplay\AI\ComboJugment.cpp">
      <Filter>Source\Gameplay\AI</Filter>
    </ClCompile>
    <ClCompile Include="Source\Gameplay\AI\CooldownJudgment.cpp">
      <Filter>Source\Gameplay\AI</Filter>
    </ClCompile>
    <ClCompile Include="Source\Gameplay\AI\DirectionJudgment.cpp">
      <Filter>Source\Gameplay\AI</Filter>
    </ClCompile>
    <ClCompile Include="Source\Gameplay\AI\DistanceJugment.cpp">
      <Filter>Source\Gameplay\AI</Filter>
    </ClCompile>
    <ClCompile Include="Source\Gameplay\AI\NodeStateJugment.cpp">
      <Filter>Source\Gameplay\AI</Filter>
    </ClCompile>
    <ClCompile Include="Source\Gameplay\AI\RandomJugment.cpp">
      <Filter>Source\Gameplay\AI</Filter>
    </ClCompile>
    <ClCompile Include="Source\Gameplay\AI\RatioJudgment.cpp">
      <Filter>Source\Gameplay\AI</Filter>
    </ClCompile>
    <ClCompile Include="Source\Gameplay\AI\SelectorNode.cpp">
      <Filter>Source\Gameplay\AI</Filter>
    </ClCompile>
    <ClCompile Include="Source\Gameplay\AI\WeightedNode.cpp">
      <Filter>Source\Gameplay\AI</Filter>
    </ClCompile>
    <ClCompile Include="Source\Gameplay\GameObjects\GameObject.cpp">
      <Filter>Source\Gameplay\GameObjects</Filter>
    </ClCompile>
    <ClCompile Include="Source\Gameplay\GameObjects\ObjectFactory.cpp">
      <Filter>Source\Gameplay\GameObjects</Filter>
    </ClCompile>
    <ClCompile Include="Source\Gameplay\GameObjects\ObjectManager.cpp">
      <Filter>Source\Gameplay\GameObjects</Filter>
    </ClCompile>
    <ClCompile Include="Source\Gameplay\GameObjects\Character\Character.cpp">
      <Filter>Source\Gameplay\GameObjects\Character</Filter>
    </ClCompile>
    <ClCompile Include="Source\Gameplay\GameObjects\Character\Player.cpp">
      <Filter>Source\Gameplay\GameObjects\Character</Filter>
    </ClCompile>
    <ClCompile Include="Source\Gameplay\GameObjects\Object\Stage.cpp">
      <Filter>Source\Gameplay\GameObjects\Object</Filter>
    </ClCompile>
    <ClCompile Include="Source\Gameplay\Movement\CircularMove.cpp">
      <Filter>Source\Gameplay\Movement</Filter>
    </ClCompile>
    <ClCompile Include="Source\Gameplay\Movement\LinearMove.cpp">
      <Filter>Source\Gameplay\Movement</Filter>
    </ClCompile>
    <ClCompile Include="Source\Gameplay\Movement\LockAtRotation.cpp">
      <Filter>Source\Gameplay\Movement</Filter>
    </ClCompile>
    <ClCompile Include="Source\Gameplay\Movement\MoveFactory.cpp">
      <Filter>Source\Gameplay\Movement</Filter>
    </ClCompile>
    <ClCompile Include="Source\Gameplay\Movement\RepulsiveMove.cpp">
      <Filter>Source\Gameplay\Movement</Filter>
    </ClCompile>
    <ClCompile Include="Source\Gameplay\Movement\RotationFactory.cpp">
      <Filter>Source\Gameplay\Movement</Filter>
    </ClCompile>
    <ClCompile Include="Source\Gameplay\StateMachine\ActionState.cpp">
      <Filter>Source\Gameplay\StateMachine</Filter>
    </ClCompile>
    <ClCompile Include="Source\Gameplay\StateMachine\State.cpp">
      <Filter>Source\Gameplay\StateMachine</Filter>
    </ClCompile>
    <ClCompile Include="Source\Gameplay\StateMachine\StateBlackboard.cpp">
      <Filter>Source\Gameplay\StateMachine</Filter>
    </ClCompile>
    <ClCompile Include="Source\Gameplay\StateMachine\StateGraphDataManager.cpp">
      <Filter>Source\Gameplay\StateMachine</Filter>
    </ClCompile>
    <ClCompile Include="Source\Gameplay\StateMachine\StateMachine.cpp">
      <Filter>Source\Gameplay\StateMachine</Filter>
    </ClCompile>
    <ClCompile Include="Source\Gameplay\StateMachine\StateTransition.cpp">
      <Filter>Source\Gameplay\StateMachine</Filter>
    </ClCompile>
    <ClCompile Include="Source\Serialization\GltfModelSerializer.cpp">
      <Filter>Source\Serialization</Filter>
    </ClCompile>
    <ClCompile Include="Source\Serialization\JsonSerializer.cpp">
      <Filter>Source\Serialization</Filter>
    </ClCompile>
    <ClCompile Include="Source\Serialization\SkinnedMeshSerializer.cpp">
      <Filter>Source\Serialization</Filter>
    </ClCompile>
    <ClCompile Include="Source\Editor\FileDialogHelper.cpp">
      <Filter>Source\Editor</Filter>
    </ClCompile>
    <ClCompile Include="Source\Editor\ObjectEditor.cpp">
      <Filter>Source\Editor</Filter>
    </ClCompile>
    <ClCompile Include="Source\Editor\StateMachineGraphEditor.cpp">
      <Filter>Source\Editor</Filter>
    </ClCompile>
    <ClCompile Include="Source\Editor\TransitionConditionEditor.cpp">
      <Filter>Source\Editor</Filter>
    </ClCompile>
    <ClCompile Include="Source\Engine\Camera\Camera.cpp">
      <Filter>Source\Engine\Camera</Filter>
    </ClCompile>
    <ClCompile Include="Source\Engine\Camera\FreeCamera.cpp">
      <Filter>Source\Engine\Camera</Filter>
    </ClCompile>
    <ClCompile Include="Source\Engine\Camera\StandCamera.cpp">
      <Filter>Source\Engine\Camera</Filter>
    </ClCompile>
    <ClCompile Include="Source\Engine\Collision\CollisionExperiment.cpp">
      <Filter>Source\Engine\Collision</Filter>
    </ClCompile>
    <ClCompile Include="Source\Engine\Collision\CollisionLogic.cpp">
      <Filter>Source\Engine\Collision</Filter>
    </ClCompile>
    <ClCompile Include="Source\Engine\Collision\CollisionManager.cpp">
      <Filter>Source\Engine\Collision</Filter>
    </ClCompile>
    <ClCompile Include="Source\Engine\Collision\CollisionSphere.cpp">
      <Filter>Source\Engine\Collision</Filter>
    </ClCompile>
    <ClCompile Include="Source\Engine\Collision\SpaceDivisionCast.cpp">
      <Filter>Source\Engine\Collision</Filter>
    </ClCompile>
    <ClCompile Include="Source\Engine\Core\Input.cpp">
      <Filter>Source\Engine\Core</Filter>
    </ClCompile>
    <ClCompile Include="Source\Engine\Core\main.cpp">
      <Filter>Source\Engine\Core</Filter>
    </ClCompile>
    <ClCompile Include="Source\Engine\Graphics\Graphics.cpp">
      <Filter>Source\Engine\Graphics</Filter>
    </ClCompile>
    <ClCompile Include="Source\Engine\Graphics\FbxModel\FbxAnimation.cpp">
      <Filter>Source\Engine\Graphics\FbxModel</Filter>
    </ClCompile>
    <ClCompile Include="Source\Engine\Graphics\FbxModel\FbxBone.cpp">
      <Filter>Source\Engine\Graphics\FbxModel</Filter>
    </ClCompile>
    <ClCompile Include="Source\Engine\Graphics\FbxModel\FbxLoader.cpp">
      <Filter>Source\Engine\Graphics\FbxModel</Filter>
    </ClCompile>
    <ClCompile Include="Source\Engine\Graphics\FbxModel\FbxMaterial.cpp">
      <Filter>Source\Engine\Graphics\FbxModel</Filter>
    </ClCompile>
    <ClCompile Include="Source\Engine\Graphics\FbxModel\FbxSkinnedMesh.cpp">
      <Filter>Source\Engine\Graphics\FbxModel</Filter>
    </ClCompile>
    <ClCompile Include="Source\Engine\Graphics\FbxModel\FbxSkinnedModel.cpp">
      <Filter>Source\Engine\Graphics\FbxModel</Filter>
    </ClCompile>
    <ClCompile Include="Source\Engine\Graphics\FbxModel\FbxSkinnedResource.cpp">
      <Filter>Source\Engine\Graphics\FbxModel</Filter>
    </ClCompile>
    <ClCompile Include="Source\Engine\Graphics\GltfModel\GltfModel.cpp">
      <Filter>Source\Engine\Graphics\GltfModel</Filter>
    </ClCompile>
    <ClCompile Include="Source\Engine\Graphics\GltfModel\GltfModelAnimation.cpp">
      <Filter>Source\Engine\Graphics\GltfModel</Filter>
    </ClCompile>
    <ClCompile Include="Source\Engine\Graphics\GltfModel\GltfModelData.cpp">
      <Filter>Source\Engine\Graphics\GltfModel</Filter>
    </ClCompile>
    <ClCompile Include="Source\Engine\Graphics\GltfModel\GltfModelRenderer.cpp">
      <Filter>Source\Engine\Graphics\GltfModel</Filter>
    </ClCompile>
    <ClCompile Include="Source\Engine\Graphics\GltfModel\TinygltfImpl.cpp">
      <Filter>Source\Engine\Graphics\GltfModel</Filter>
    </ClCompile>
    <ClCompile Include="Source\Engine\Graphics\DirectXDevice.cpp">
      <Filter>Source\Engine\Graphics</Filter>
    </ClCompile>
    <ClCompile Include="Source\Engine\Graphics\framebuffer.cpp">
      <Filter>Source\Engine\Graphics</Filter>
    </ClCompile>
    <ClCompile Include="Source\Engine\Graphics\framework.cpp">
      <Filter>Source\Engine\Graphics</Filter>
    </ClCompile>
    <ClCompile Include="Source\Engine\Graphics\fullscreen_quad.cpp">
      <Filter>Source\Engine\Graphics</Filter>
    </ClCompile>
    <ClCompile Include="Source\Engine\Graphics\geometric_primitive.cpp">
      <Filter>Source\Engine\Graphics</Filter>
    </ClCompile>
    <ClCompile Include="Source\Engine\Graphics\GpuResourceUtils.cpp">
      <Filter>Source\Engine\Graphics</Filter>
    </ClCompile>
    <ClCompile Include="Source\Engine\Graphics\Light.cpp">
      <Filter>Source\Engine\Graphics</Filter>
    </ClCompile>
    <ClCompile Include="Source\Engine\Graphics\Model.cpp">
      <Filter>Source\Engine\Graphics</Filter>
    </ClCompile>
    <ClCompile Include="Source\Engine\Graphics\Renderer.cpp">
      <Filter>Source\Engine\Graphics</Filter>
    </ClCompile>
    <ClCompile Include="Source\Engine\Graphics\PipelineStates.cpp">
      <Filter>Source\Engine\Graphics</Filter>
    </ClCompile>
    <ClCompile Include="Source\Engine\Graphics\SceneConstantBuffers.cpp">
      <Filter>Source\Engine\Graphics</Filter>
    </ClCompile>
    <ClCompile Include="Source\Engine\Graphics\sprite.cpp">
      <Filter>Source\Engine\Graphics</Filter>
    </ClCompile>
    <ClCompile Include="Source\Engine\Graphics\sprite_batch.cpp">
      <Filter>Source\Engine\Graphics</Filter>
    </ClCompile>
    <ClCompile Include="Source\Engine\Graphics\texture.cpp">
      <Filter>Source\Engine\Graphics</Filter>
    </ClCompile>
    <ClCompile Include="Source\Engine\Graphics\Shaders\shader.cpp">
      <Filter>Source\Engine\Graphics\Shaders</Filter>
    </ClCompile>
    <ClCompile Include="Source\Engine\Graphics\ShapeRenderer.cpp">
      <Filter>Source\Engine\Graphics</Filter>
    </ClCompile>
  </ItemGroup>
  <ItemGroup>
    <ClInclude Include="External\imgui-docking\imgui-docking\imconfig.h">
      <Filter>External\imgui-docking\imgui-docking</Filter>
    </ClInclude>
    <ClInclude Include="External\imgui-docking\imgui-docking\imgui.h">
      <Filter>External\imgui-docking\imgui-docking</Filter>
    </ClInclude>
    <ClInclude Include="External\imgui-docking\imgui-docking\imgui_internal.h">
      <Filter>External\imgui-docking\imgui-docking</Filter>
    </ClInclude>
    <ClInclude Include="External\imgui-docking\imgui-docking\backends\imgui_impl_dx11.h">
      <Filter>External\imgui-docking\imgui-docking\backends</Filter>
    </ClInclude>
    <ClInclude Include="External\imgui-docking\imgui-docking\backends\imgui_impl_win32.h">
      <Filter>External\imgui-docking\imgui-docking\backends</Filter>
    </ClInclude>
    <ClInclude Include="External\imgui-node-editor-master\imgui-node-editor-master\crude_json.h">
      <Filter>External\imgui-node-editor-master\imgui-node-editor-master</Filter>
    </ClInclude>
    <ClInclude Include="External\imgui-node-editor-master\imgui-node-editor-master\imgui_canvas.h">
      <Filter>External\imgui-node-editor-master\imgui-node-editor-master</Filter>
    </ClInclude>
    <ClInclude Include="External\imgui-node-editor-master\imgui-node-editor-master\imgui_node_editor.h">
      <Filter>External\imgui-node-editor-master\imgui-node-editor-master</Filter>
    </ClInclude>
    <ClInclude Include="External\ImGuizmo-master\ImGuizmo-master\src\ImGuizmo.h">
      <Filter>External\ImGuizmo-master\ImGuizmo-master\src</Filter>
    </ClInclude>
    <ClInclude Include="Source\Engine\Graphics\Shaders\BlurShader.h">
      <Filter>Source\Engine\Graphics\Shaders</Filter>
    </ClInclude>
    <ClInclude Include="Source\Engine\Graphics\Shaders\CustomShader.h">
      <Filter>Source\Engine\Graphics\Shaders</Filter>
    </ClInclude>
    <ClInclude Include="Source\Engine\Graphics\Shaders\LuminanceExtractionShader.h">
      <Filter>Source\Engine\Graphics\Shaders</Filter>
    </ClInclude>
    <ClInclude Include="Source\Engine\Graphics\Shaders\SkyBox.h">
      <Filter>Source\Engine\Graphics\Shaders</Filter>
    </ClInclude>
    <ClInclude Include="Source\Gameplay\Scene\Scene.h">
      <Filter>Source\Gameplay\Scene</Filter>
    </ClInclude>
    <ClInclude Include="Source\Gameplay\Scene\SceneGame.h">
      <Filter>Source\Gameplay\Scene</Filter>
    </ClInclude>
    <ClInclude Include="Source\Gameplay\Scene\SceneManager.h">
      <Filter>Source\Gameplay\Scene</Filter>
    </ClInclude>
    <ClInclude Include="Source\Gameplay\Scene\SceneTitle.h">
      <Filter>Source\Gameplay\Scene</Filter>
    </ClInclude>
    <ClInclude Include="Source\Gameplay\AI\ActionNode.h">
      <Filter>Source\Gameplay\AI</Filter>
    </ClInclude>
    <ClInclude Include="Source\Gameplay\AI\BehaviorNode.h">
      <Filter>Source\Gameplay\AI</Filter>
    </ClInclude>
    <ClInclude Include="Source\Gameplay\AI\BehaviorTree.h">
      <Filter>Source\Gameplay\AI</Filter>
    </ClInclude>
    <ClInclude Include="Source\Gameplay\AI\ComboJugment.h">
      <Filter>Source\Gameplay\AI</Filter>
    </ClInclude>
    <ClInclude Include="Source\Gameplay\AI\CooldownJudgment.h">
      <Filter>Source\Gameplay\AI</Filter>
    </ClInclude>
    <ClInclude Include="Source\Gameplay\AI\DirectionJudgment.h">
      <Filter>Source\Gameplay\AI</Filter>
    </ClInclude>
    <ClInclude Include="Source\Gameplay\AI\DistanceJugment.h">
      <Filter>Source\Gameplay\AI</Filter>
    </ClInclude>
    <ClInclude Include="Source\Gameplay\AI\JudgmentNode.h">
      <Filter>Source\Gameplay\AI</Filter>
    </ClInclude>
    <ClInclude Include="Source\Gameplay\AI\NodeStateJugment.h">
      <Filter>Source\Gameplay\AI</Filter>
    </ClInclude>
    <ClInclude Include="Source\Gameplay\AI\RandomJugment.h">
      <Filter>Source\Gameplay\AI</Filter>
    </ClInclude>
    <ClInclude Include="Source\Gameplay\AI\RatioJudgment.h">
      <Filter>Source\Gameplay\AI</Filter>
    </ClInclude>
    <ClInclude Include="Source\Gameplay\AI\SelectorNode.h">
      <Filter>Source\Gameplay\AI</Filter>
    </ClInclude>
    <ClInclude Include="Source\Gameplay\AI\StateActionNode.h">
      <Filter>Source\Gameplay\AI</Filter>
    </ClInclude>
    <ClInclude Include="Source\Gameplay\AI\WeightedNode.h">
      <Filter>Source\Gameplay\AI</Filter>
    </ClInclude>
    <ClInclude Include="Source\Gameplay\GameObjects\GameObject.h">
      <Filter>Source\Gameplay\GameObjects</Filter>
    </ClInclude>
    <ClInclude Include="Source\Gameplay\GameObjects\ObjectFactory.h">
      <Filter>Source\Gameplay\GameObjects</Filter>
    </ClInclude>
    <ClInclude Include="Source\Gameplay\GameObjects\ObjectManager.h">
      <Filter>Source\Gameplay\GameObjects</Filter>
    </ClInclude>
    <ClInclude Include="Source\Gameplay\GameObjects\Character\Character.h">
      <Filter>Source\Gameplay\GameObjects\Character</Filter>
    </ClInclude>
    <ClInclude Include="Source\Gameplay\GameObjects\Character\Player.h">
      <Filter>Source\Gameplay\GameObjects\Character</Filter>
    </ClInclude>
    <ClInclude Include="Source\Gameplay\GameObjects\Object\Stage.h">
      <Filter>Source\Gameplay\GameObjects\Object</Filter>
    </ClInclude>
    <ClInclude Include="Source\Gameplay\Movement\CircularMove.h">
      <Filter>Source\Gameplay\Movement</Filter>
    </ClInclude>
    <ClInclude Include="Source\Gameplay\Movement\LinearMove.h">
      <Filter>Source\Gameplay\Movement</Filter>
    </ClInclude>
    <ClInclude Include="Source\Gameplay\Movement\LockAtRotation.h">
      <Filter>Source\Gameplay\Movement</Filter>
    </ClInclude>
    <ClInclude Include="Source\Gameplay\Movement\MoveBase.h">
      <Filter>Source\Gameplay\Movement</Filter>
    </ClInclude>
    <ClInclude Include="Source\Gameplay\Movement\MoveFactory.h">
      <Filter>Source\Gameplay\Movement</Filter>
    </ClInclude>
    <ClInclude Include="Source\Gameplay\Movement\RepulsiveMove.h">
      <Filter>Source\Gameplay\Movement</Filter>
    </ClInclude>
    <ClInclude Include="Source\Gameplay\Movement\RotationBase.h">
      <Filter>Source\Gameplay\Movement</Filter>
    </ClInclude>
    <ClInclude Include="Source\Gameplay\Movement\RotationFactory.h">
      <Filter>Source\Gameplay\Movement</Filter>
    </ClInclude>
    <ClInclude Include="Source\Gameplay\StateMachine\ActionState.h">
      <Filter>Source\Gameplay\StateMachine</Filter>
    </ClInclude>
    <ClInclude Include="Source\Gameplay\StateMachine\State.h">
      <Filter>Source\Gameplay\StateMachine</Filter>
    </ClInclude>
    <ClInclude Include="Source\Gameplay\StateMachine\StateBlackboard.h">
      <Filter>Source\Gameplay\StateMachine</Filter>
    </ClInclude>
    <ClInclude Include="Source\Gameplay\StateMachine\StateGraphDataManager.h">
      <Filter>Source\Gameplay\StateMachine</Filter>
    </ClInclude>
    <ClInclude Include="Source\Gameplay\StateMachine\StateMachine.h">
      <Filter>Source\Gameplay\StateMachine</Filter>
    </ClInclude>
    <ClInclude Include="Source\Gameplay\StateMachine\StateTransition.h">
      <Filter>Source\Gameplay\StateMachine</Filter>
    </ClInclude>
    <ClInclude Include="Source\Serialization\GltfModelSerializer.h">
      <Filter>Source\Serialization</Filter>
    </ClInclude>
    <ClInclude Include="Source\Serialization\JsonSerializer.h">
      <Filter>Source\Serialization</Filter>
    </ClInclude>
    <ClInclude Include="Source\Serialization\SkinnedMeshSerializer.h">
      <Filter>Source\Serialization</Filter>
    </ClInclude>
    <ClInclude Include="Source\Editor\FileDialogHelper.h">
      <Filter>Source\Editor</Filter>
    </ClInclude>
    <ClInclude Include="Source\Editor\ObjectEditor.h">
      <Filter>Source\Editor</Filter>
    </ClInclude>
    <ClInclude Include="Source\Editor\StateMachineGraphEditor.h">
      <Filter>Source\Editor</Filter>
    </ClInclude>
    <ClInclude Include="Source\Editor\TransitionConditionEditor.h">
      <Filter>Source\Editor</Filter>
    </ClInclude>
    <ClInclude Include="Source\Engine\Camera\Camera.h">
      <Filter>Source\Engine\Camera</Filter>
    </ClInclude>
    <ClInclude Include="Source\Engine\Camera\FreeCamera.h">
      <Filter>Source\Engine\Camera</Filter>
    </ClInclude>
    <ClInclude Include="Source\Engine\Camera\StandCamera.h">
      <Filter>Source\Engine\Camera</Filter>
    </ClInclude>
    <ClInclude Include="Source\Engine\Collision\Collider.h">
      <Filter>Source\Engine\Collision</Filter>
    </ClInclude>
    <ClInclude Include="Source\Engine\Collision\CollisionExperiment.h">
      <Filter>Source\Engine\Collision</Filter>
    </ClInclude>
    <ClInclude Include="Source\Engine\Collision\CollisionLogic.h">
      <Filter>Source\Engine\Collision</Filter>
    </ClInclude>
    <ClInclude Include="Source\Engine\Collision\CollisionManager.h">
      <Filter>Source\Engine\Collision</Filter>
    </ClInclude>
    <ClInclude Include="Source\Engine\Collision\CollisionSphere.h">
      <Filter>Source\Engine\Collision</Filter>
    </ClInclude>
    <ClInclude Include="Source\Engine\Collision\SpaceDivisionCast.h">
      <Filter>Source\Engine\Collision</Filter>
    </ClInclude>
    <ClInclude Include="Source\Engine\Core\high_resolution_timer.h">
      <Filter>Source\Engine\Core</Filter>
    </ClInclude>
    <ClInclude Include="Source\Engine\Core\Input.h">
      <Filter>Source\Engine\Core</Filter>
    </ClInclude>
    <ClInclude Include="Source\Engine\Core\misc.h">
      <Filter>Source\Engine\Core</Filter>
    </ClInclude>
    <ClInclude Include="Source\Engine\Graphics\Graphics.h">
      <Filter>Source\Engine\Graphics</Filter>
    </ClInclude>
    <ClInclude Include="Source\Engine\Graphics\FbxModel\FbxAnimation.h">
      <Filter>Source\Engine\Graphics\FbxModel</Filter>
    </ClInclude>
    <ClInclude Include="Source\Engine\Graphics\FbxModel\FbxBone.h">
      <Filter>Source\Engine\Graphics\FbxModel</Filter>
    </ClInclude>
    <ClInclude Include="Source\Engine\Graphics\FbxModel\FbxLoader.h">
      <Filter>Source\Engine\Graphics\FbxModel</Filter>
    </ClInclude>
    <ClInclude Include="Source\Engine\Graphics\FbxModel\FbxMaterial.h">
      <Filter>Source\Engine\Graphics\FbxModel</Filter>
    </ClInclude>
    <ClInclude Include="Source\Engine\Graphics\FbxModel\FbxSkinnedMesh.h">
      <Filter>Source\Engine\Graphics\FbxModel</Filter>
    </ClInclude>
    <ClInclude Include="Source\Engine\Graphics\FbxModel\FbxSkinnedModel.h">
      <Filter>Source\Engine\Graphics\FbxModel</Filter>
    </ClInclude>
    <ClInclude Include="Source\Engine\Graphics\FbxModel\FbxSkinnedResource.h">
      <Filter>Source\Engine\Graphics\FbxModel</Filter>
    </ClInclude>
    <ClInclude Include="Source\Engine\Graphics\GltfModel\GltfModel.h">
      <Filter>Source\Engine\Graphics\GltfModel</Filter>
    </ClInclude>
    <ClInclude Include="Source\Engine\Graphics\GltfModel\GltfModelAnimation.h">
      <Filter>Source\Engine\Graphics\GltfModel</Filter>
    </ClInclude>
    <ClInclude Include="Source\Engine\Graphics\GltfModel\GltfModelData.h">
      <Filter>Source\Engine\Graphics\GltfModel</Filter>
    </ClInclude>
    <ClInclude Include="Source\Engine\Graphics\GltfModel\GltfModelRenderer.h">
      <Filter>Source\Engine\Graphics\GltfModel</Filter>
    </ClInclude>
    <ClInclude Include="Source\Engine\Graphics\DirectXDevice.h">
      <Filter>Source\Engine\Graphics</Filter>
    </ClInclude>
    <ClInclude Include="Source\Engine\Graphics\fbx_utility.h">
      <Filter>Source\Engine\Graphics</Filter>
    </ClInclude>
    <ClInclude Include="Source\Engine\Graphics\framebuffer.h">
      <Filter>Source\Engine\Graphics</Filter>
    </ClInclude>
    <ClInclude Include="Source\Engine\Graphics\framework.h">
      <Filter>Source\Engine\Graphics</Filter>
    </ClInclude>
    <ClInclude Include="Source\Engine\Graphics\fullscreen_quad.h">
      <Filter>Source\Engine\Graphics</Filter>
    </ClInclude>
    <ClInclude Include="Source\Engine\Graphics\geometric_primitive.h">
      <Filter>Source\Engine\Graphics</Filter>
    </ClInclude>
    <ClInclude Include="Source\Engine\Graphics\GpuResourceUtils.h">
      <Filter>Source\Engine\Graphics</Filter>
    </ClInclude>
    <ClInclude Include="Source\Engine\Graphics\Light.h">
      <Filter>Source\Engine\Graphics</Filter>
    </ClInclude>
    <ClInclude Include="Source\Engine\Graphics\Model.h">
      <Filter>Source\Engine\Graphics</Filter>
    </ClInclude>
    <ClInclude Include="Source\Engine\Graphics\ModelRenderer.h">
      <Filter>Source\Engine\Graphics</Filter>
    </ClInclude>
    <ClInclude Include="Source\Engine\Graphics\Renderer.h">
      <Filter>Source\Engine\Graphics</Filter>
    </ClInclude>
    <ClInclude Include="Source\Engine\Graphics\PipelineStates.h">
      <Filter>Source\Engine\Graphics</Filter>
    </ClInclude>
    <ClInclude Include="Source\Engine\Graphics\SceneConstantBuffers.h">
      <Filter>Source\Engine\Graphics</Filter>
    </ClInclude>
    <ClInclude Include="Source\Engine\Graphics\sprite.h">
      <Filter>Source\Engine\Graphics</Filter>
    </ClInclude>
    <ClInclude Include="Source\Engine\Graphics\sprite_batch.h">
      <Filter>Source\Engine\Graphics</Filter>
    </ClInclude>
    <ClInclude Include="Source\Engine\Graphics\texture.h">
      <Filter>Source\Engine\Graphics</Filter>
    </ClInclude>
    <ClInclude Include="Source\Engine\Graphics\Shaders\shader.h">
      <Filter>Source\Engine\Graphics\Shaders</Filter>
    </ClInclude>
    <ClInclude Include="Source\Engine\Graphics\FbxModel\FbxModelData.h">
      <Filter>Source\Engine\Graphics\FbxModel</Filter>
    </ClInclude>
    <ClInclude Include="Source\Engine\Graphics\ShapeRenderer.h">
      <Filter>Source\Engine\Graphics</Filter>
    </ClInclude>
  </ItemGroup>
  <ItemGroup>
    <None Include="Shaders\SoureCode\fullscreen_quad.hlsli">
      <Filter>Shaders\SoureCode</Filter>
    </None>
    <None Include="Shaders\SoureCode\geometric_primitive.hlsli">
      <Filter>Shaders\SoureCode</Filter>
    </None>
    <None Include="Shaders\SoureCode\gltf_model.hlsli">
      <Filter>Shaders\SoureCode</Filter>
    </None>
    <None Include="Shaders\SoureCode\shape_renderer.hlsli">
      <Filter>Shaders\SoureCode</Filter>
    </None>
    <None Include="Shaders\SoureCode\skinned_mesh.hlsli">
      <Filter>Shaders\SoureCode</Filter>
    </None>
    <None Include="Shaders\SoureCode\sky_box.hlsli">
      <Filter>Shaders\SoureCode</Filter>
    </None>
    <None Include="Shaders\SoureCode\sprite.hlsli">
      <Filter>Shaders\SoureCode</Filter>
    </None>
    <None Include="Shaders\SoureCode\static_mesh.hlsli">
      <Filter>Shaders\SoureCode</Filter>
    </None>
  </ItemGroup>
  <ItemGroup>
    <Filter Include="External">
      <UniqueIdentifier>{d3002014-5975-4fef-b547-6c69b1ec2980}</UniqueIdentifier>
    </Filter>
    <Filter Include="External\imgui-docking">
      <UniqueIdentifier>{868ed902-d0b7-4ac7-a37c-3db48caef55f}</UniqueIdentifier>
    </Filter>
    <Filter Include="External\imgui-docking\imgui-docking">
      <UniqueIdentifier>{ad8526b3-3e8c-41bc-8c05-16395c92add4}</UniqueIdentifier>
    </Filter>
    <Filter Include="External\imgui-docking\imgui-docking\backends">
      <UniqueIdentifier>{934e4289-0a53-4c2b-be32-7c12f40e3b94}</UniqueIdentifier>
    </Filter>
    <Filter Include="External\imgui-node-editor-master">
      <UniqueIdentifier>{eece69a7-723e-4c7f-9217-7f76c2d8b5b7}</UniqueIdentifier>
    </Filter>
    <Filter Include="External\imgui-node-editor-master\imgui-node-editor-master">
      <UniqueIdentifier>{4c667c57-e484-44ce-b084-7738c9170750}</UniqueIdentifier>
    </Filter>
    <Filter Include="External\ImGuizmo-master">
      <UniqueIdentifier>{3796eda0-0dfd-4bd2-aeb9-2a2fd87b5955}</UniqueIdentifier>
    </Filter>
    <Filter Include="External\ImGuizmo-master\ImGuizmo-master">
      <UniqueIdentifier>{6c12d90c-069b-4684-9ba2-3b6193a4fdd6}</UniqueIdentifier>
    </Filter>
    <Filter Include="External\ImGuizmo-master\ImGuizmo-master\src">
      <UniqueIdentifier>{1e336046-8e66-4f39-bae7-a37a3efecc76}</UniqueIdentifier>
    </Filter>
    <Filter Include="Shaders">
      <UniqueIdentifier>{6b74c89b-9e4a-43df-bb13-74ef3a16cc18}</UniqueIdentifier>
    </Filter>
    <Filter Include="Shaders\SoureCode">
      <UniqueIdentifier>{923af212-e38d-4b86-855b-8ab2e70db414}</UniqueIdentifier>
    </Filter>
    <Filter Include="Source">
      <UniqueIdentifier>{04ab9708-8f28-42c0-be52-f1d432b1f50b}</UniqueIdentifier>
    </Filter>
    <Filter Include="Source\Engine">
      <UniqueIdentifier>{70c16689-54a3-4c57-8f4b-3f45c6f2706e}</UniqueIdentifier>
    </Filter>
    <Filter Include="Source\Engine\Graphics">
      <UniqueIdentifier>{21b7006f-85f4-4422-b0b3-f7596f7f0ae0}</UniqueIdentifier>
    </Filter>
    <Filter Include="Source\Engine\Graphics\Shaders">
      <UniqueIdentifier>{2336918b-308d-4eec-98ee-f35412c436f0}</UniqueIdentifier>
    </Filter>
    <Filter Include="Source\Gameplay">
      <UniqueIdentifier>{cf89b4d3-3ed9-4880-a0f3-28e4b3d0b568}</UniqueIdentifier>
    </Filter>
    <Filter Include="Source\Gameplay\Scene">
      <UniqueIdentifier>{7f4712cd-d87d-4b9b-8287-aede8fbe3cc0}</UniqueIdentifier>
    </Filter>
    <Filter Include="Source\Gameplay\AI">
      <UniqueIdentifier>{e66e01a4-39ed-4904-b69a-227d0a8c05dc}</UniqueIdentifier>
    </Filter>
    <Filter Include="Source\Gameplay\GameObjects">
      <UniqueIdentifier>{87fa3972-5f16-43b9-b903-c5a2bc8a84af}</UniqueIdentifier>
    </Filter>
    <Filter Include="Source\Gameplay\GameObjects\Character">
      <UniqueIdentifier>{162ccdd5-f6d0-4eff-b89a-29866c314054}</UniqueIdentifier>
    </Filter>
    <Filter Include="Source\Gameplay\GameObjects\Object">
      <UniqueIdentifier>{17cbdd44-ab70-47a8-8dde-9c13310dd46e}</UniqueIdentifier>
    </Filter>
    <Filter Include="Source\Gameplay\Movement">
      <UniqueIdentifier>{45e2da2e-b3ad-46d6-997d-796a6747d828}</UniqueIdentifier>
    </Filter>
    <Filter Include="Source\Gameplay\StateMachine">
      <UniqueIdentifier>{3b2c72bd-7adc-4905-92fd-374e71da70f5}</UniqueIdentifier>
    </Filter>
    <Filter Include="Source\Serialization">
      <UniqueIdentifier>{8c64aae1-778d-4b00-aaa3-10c86eb13f87}</UniqueIdentifier>
    </Filter>
    <Filter Include="Source\Editor">
      <UniqueIdentifier>{089f6d08-c403-4b9f-9612-ed7739751581}</UniqueIdentifier>
    </Filter>
    <Filter Include="Source\Engine\Camera">
      <UniqueIdentifier>{fbd22d67-c900-4375-88e4-86840f8c4ff4}</UniqueIdentifier>
    </Filter>
    <Filter Include="Source\Engine\Collision">
      <UniqueIdentifier>{25095933-eb99-4ee9-9497-76fa6850dbd6}</UniqueIdentifier>
    </Filter>
    <Filter Include="Source\Engine\Core">
      <UniqueIdentifier>{f37a77bf-bdbe-416a-8000-d9765d7f9460}</UniqueIdentifier>
    </Filter>
    <Filter Include="Source\Engine\Graphics\FbxModel">
      <UniqueIdentifier>{c0b05a5b-c17b-460a-bba9-052d03834e09}</UniqueIdentifier>
    </Filter>
    <Filter Include="Source\Engine\Graphics\GltfModel">
      <UniqueIdentifier>{b331b1d3-89e3-466f-bc96-fa451e977950}</UniqueIdentifier>
    </Filter>
  </ItemGroup>
</Project>